
Microsoft Visual Studio Solution File, Format Version 12.00
# Visual Studio Version 16
VisualStudioVersion = 16.0.29519.87
MinimumVisualStudioVersion = 15.0.26124.0
Project("{9A19103F-16F7-4668-BE54-9A1E7A4F7556}") = "Console", "Console\Console.csproj", "{B7B11DA7-20EF-46D4-AB74-817DFAB9D9C6}"
EndProject
Project("{9A19103F-16F7-4668-BE54-9A1E7A4F7556}") = "Library", "Library\Library.csproj", "{A93263BA-4D68-43FE-887D-15ABE6716BE1}"
EndProject
Project("{9A19103F-16F7-4668-BE54-9A1E7A4F7556}") = "WebApi", "WebApi\WebApi.csproj", "{A2A78BE4-507C-445E-B8EA-6132420B167C}"
EndProject
Project("{9A19103F-16F7-4668-BE54-9A1E7A4F7556}") = "Mvc", "Mvc\Mvc.csproj", "{4FB27B4B-8851-4039-BAE3-81E0027E3545}"
EndProject
Project("{9A19103F-16F7-4668-BE54-9A1E7A4F7556}") = "NUnitTests", "NUnitTests\NUnitTests.csproj", "{6915AEB9-C9A3-41C1-ADAA-19BD3C6849D7}"
	ProjectSection(ProjectDependencies) = postProject
		{D4567081-5C5D-4A78-BC06-8E0AADBBEA44} = {D4567081-5C5D-4A78-BC06-8E0AADBBEA44}
	EndProjectSection
EndProject
Project("{9A19103F-16F7-4668-BE54-9A1E7A4F7556}") = "xUnitTests", "xUnitTests\xUnitTests.csproj", "{132EB44B-3902-4ECD-8E2E-2CC5BD5F598C}"
	ProjectSection(ProjectDependencies) = postProject
		{D4567081-5C5D-4A78-BC06-8E0AADBBEA44} = {D4567081-5C5D-4A78-BC06-8E0AADBBEA44}
		{6915AEB9-C9A3-41C1-ADAA-19BD3C6849D7} = {6915AEB9-C9A3-41C1-ADAA-19BD3C6849D7}
	EndProjectSection
EndProject
Project("{9A19103F-16F7-4668-BE54-9A1E7A4F7556}") = "MsTestTests", "MsTestTests\MsTestTests.csproj", "{D4567081-5C5D-4A78-BC06-8E0AADBBEA44}"
EndProject
Project("{9A19103F-16F7-4668-BE54-9A1E7A4F7556}") = "ClassLib", "ClassLib\ClassLib.csproj", "{0A61625B-2B9C-4F4D-8577-35CBFE8D0A2A}"
EndProject
Project("{2150E333-8FDC-42A3-9474-1A3956D46DE8}") = "Apps", "Apps", "{2114115F-5ED4-43C2-8715-D8A71CF17C56}"
EndProject
Project("{2150E333-8FDC-42A3-9474-1A3956D46DE8}") = "Tests", "Tests", "{FBD2A38B-64A6-4ED5-934B-79D661C5A7D1}"
EndProject
Project("{2150E333-8FDC-42A3-9474-1A3956D46DE8}") = "Libs", "Libs", "{6C8B0AC0-30C2-4410-BA6A-59A059C4785F}"
EndProject
Global
	GlobalSection(SolutionConfigurationPlatforms) = preSolution
		Debug|Any CPU = Debug|Any CPU
		Debug|x64 = Debug|x64
		Debug|x86 = Debug|x86
		Release|Any CPU = Release|Any CPU
		Release|x64 = Release|x64
		Release|x86 = Release|x86
	EndGlobalSection
	GlobalSection(ProjectConfigurationPlatforms) = postSolution
		{B7B11DA7-20EF-46D4-AB74-817DFAB9D9C6}.Debug|Any CPU.ActiveCfg = Debug|Any CPU
		{B7B11DA7-20EF-46D4-AB74-817DFAB9D9C6}.Debug|Any CPU.Build.0 = Debug|Any CPU
		{B7B11DA7-20EF-46D4-AB74-817DFAB9D9C6}.Debug|x64.ActiveCfg = Debug|Any CPU
		{B7B11DA7-20EF-46D4-AB74-817DFAB9D9C6}.Debug|x64.Build.0 = Debug|Any CPU
		{B7B11DA7-20EF-46D4-AB74-817DFAB9D9C6}.Debug|x86.ActiveCfg = Debug|Any CPU
		{B7B11DA7-20EF-46D4-AB74-817DFAB9D9C6}.Debug|x86.Build.0 = Debug|Any CPU
		{B7B11DA7-20EF-46D4-AB74-817DFAB9D9C6}.Release|Any CPU.ActiveCfg = Release|Any CPU
		{B7B11DA7-20EF-46D4-AB74-817DFAB9D9C6}.Release|Any CPU.Build.0 = Release|Any CPU
		{B7B11DA7-20EF-46D4-AB74-817DFAB9D9C6}.Release|x64.ActiveCfg = Release|Any CPU
		{B7B11DA7-20EF-46D4-AB74-817DFAB9D9C6}.Release|x64.Build.0 = Release|Any CPU
		{B7B11DA7-20EF-46D4-AB74-817DFAB9D9C6}.Release|x86.ActiveCfg = Release|Any CPU
		{B7B11DA7-20EF-46D4-AB74-817DFAB9D9C6}.Release|x86.Build.0 = Release|Any CPU
		{A93263BA-4D68-43FE-887D-15ABE6716BE1}.Debug|Any CPU.ActiveCfg = Debug|Any CPU
		{A93263BA-4D68-43FE-887D-15ABE6716BE1}.Debug|Any CPU.Build.0 = Debug|Any CPU
		{A93263BA-4D68-43FE-887D-15ABE6716BE1}.Debug|x64.ActiveCfg = Debug|Any CPU
		{A93263BA-4D68-43FE-887D-15ABE6716BE1}.Debug|x64.Build.0 = Debug|Any CPU
		{A93263BA-4D68-43FE-887D-15ABE6716BE1}.Debug|x86.ActiveCfg = Debug|Any CPU
		{A93263BA-4D68-43FE-887D-15ABE6716BE1}.Debug|x86.Build.0 = Debug|Any CPU
		{A93263BA-4D68-43FE-887D-15ABE6716BE1}.Release|Any CPU.ActiveCfg = Release|Any CPU
		{A93263BA-4D68-43FE-887D-15ABE6716BE1}.Release|Any CPU.Build.0 = Release|Any CPU
		{A93263BA-4D68-43FE-887D-15ABE6716BE1}.Release|x64.ActiveCfg = Release|Any CPU
		{A93263BA-4D68-43FE-887D-15ABE6716BE1}.Release|x64.Build.0 = Release|Any CPU
		{A93263BA-4D68-43FE-887D-15ABE6716BE1}.Release|x86.ActiveCfg = Release|Any CPU
		{A93263BA-4D68-43FE-887D-15ABE6716BE1}.Release|x86.Build.0 = Release|Any CPU
		{A2A78BE4-507C-445E-B8EA-6132420B167C}.Debug|Any CPU.ActiveCfg = Debug|Any CPU
		{A2A78BE4-507C-445E-B8EA-6132420B167C}.Debug|Any CPU.Build.0 = Debug|Any CPU
		{A2A78BE4-507C-445E-B8EA-6132420B167C}.Debug|x64.ActiveCfg = Debug|Any CPU
		{A2A78BE4-507C-445E-B8EA-6132420B167C}.Debug|x64.Build.0 = Debug|Any CPU
		{A2A78BE4-507C-445E-B8EA-6132420B167C}.Debug|x86.ActiveCfg = Debug|Any CPU
		{A2A78BE4-507C-445E-B8EA-6132420B167C}.Debug|x86.Build.0 = Debug|Any CPU
		{A2A78BE4-507C-445E-B8EA-6132420B167C}.Release|Any CPU.ActiveCfg = Release|Any CPU
		{A2A78BE4-507C-445E-B8EA-6132420B167C}.Release|Any CPU.Build.0 = Release|Any CPU
		{A2A78BE4-507C-445E-B8EA-6132420B167C}.Release|x64.ActiveCfg = Release|Any CPU
		{A2A78BE4-507C-445E-B8EA-6132420B167C}.Release|x64.Build.0 = Release|Any CPU
		{A2A78BE4-507C-445E-B8EA-6132420B167C}.Release|x86.ActiveCfg = Release|Any CPU
		{A2A78BE4-507C-445E-B8EA-6132420B167C}.Release|x86.Build.0 = Release|Any CPU
		{4FB27B4B-8851-4039-BAE3-81E0027E3545}.Debug|Any CPU.ActiveCfg = Debug|Any CPU
		{4FB27B4B-8851-4039-BAE3-81E0027E3545}.Debug|Any CPU.Build.0 = Debug|Any CPU
		{4FB27B4B-8851-4039-BAE3-81E0027E3545}.Debug|x64.ActiveCfg = Debug|Any CPU
		{4FB27B4B-8851-4039-BAE3-81E0027E3545}.Debug|x64.Build.0 = Debug|Any CPU
		{4FB27B4B-8851-4039-BAE3-81E0027E3545}.Debug|x86.ActiveCfg = Debug|Any CPU
		{4FB27B4B-8851-4039-BAE3-81E0027E3545}.Debug|x86.Build.0 = Debug|Any CPU
		{4FB27B4B-8851-4039-BAE3-81E0027E3545}.Release|Any CPU.ActiveCfg = Release|Any CPU
		{4FB27B4B-8851-4039-BAE3-81E0027E3545}.Release|Any CPU.Build.0 = Release|Any CPU
		{4FB27B4B-8851-4039-BAE3-81E0027E3545}.Release|x64.ActiveCfg = Release|Any CPU
		{4FB27B4B-8851-4039-BAE3-81E0027E3545}.Release|x64.Build.0 = Release|Any CPU
		{4FB27B4B-8851-4039-BAE3-81E0027E3545}.Release|x86.ActiveCfg = Release|Any CPU
		{4FB27B4B-8851-4039-BAE3-81E0027E3545}.Release|x86.Build.0 = Release|Any CPU
		{6915AEB9-C9A3-41C1-ADAA-19BD3C6849D7}.Debug|Any CPU.ActiveCfg = Debug|Any CPU
		{6915AEB9-C9A3-41C1-ADAA-19BD3C6849D7}.Debug|Any CPU.Build.0 = Debug|Any CPU
		{6915AEB9-C9A3-41C1-ADAA-19BD3C6849D7}.Debug|x64.ActiveCfg = Debug|Any CPU
		{6915AEB9-C9A3-41C1-ADAA-19BD3C6849D7}.Debug|x64.Build.0 = Debug|Any CPU
		{6915AEB9-C9A3-41C1-ADAA-19BD3C6849D7}.Debug|x86.ActiveCfg = Debug|Any CPU
		{6915AEB9-C9A3-41C1-ADAA-19BD3C6849D7}.Debug|x86.Build.0 = Debug|Any CPU
		{6915AEB9-C9A3-41C1-ADAA-19BD3C6849D7}.Release|Any CPU.ActiveCfg = Release|Any CPU
		{6915AEB9-C9A3-41C1-ADAA-19BD3C6849D7}.Release|Any CPU.Build.0 = Release|Any CPU
		{6915AEB9-C9A3-41C1-ADAA-19BD3C6849D7}.Release|x64.ActiveCfg = Release|Any CPU
		{6915AEB9-C9A3-41C1-ADAA-19BD3C6849D7}.Release|x64.Build.0 = Release|Any CPU
		{6915AEB9-C9A3-41C1-ADAA-19BD3C6849D7}.Release|x86.ActiveCfg = Release|Any CPU
		{6915AEB9-C9A3-41C1-ADAA-19BD3C6849D7}.Release|x86.Build.0 = Release|Any CPU
		{132EB44B-3902-4ECD-8E2E-2CC5BD5F598C}.Debug|Any CPU.ActiveCfg = Debug|Any CPU
		{132EB44B-3902-4ECD-8E2E-2CC5BD5F598C}.Debug|Any CPU.Build.0 = Debug|Any CPU
		{132EB44B-3902-4ECD-8E2E-2CC5BD5F598C}.Debug|x64.ActiveCfg = Debug|Any CPU
		{132EB44B-3902-4ECD-8E2E-2CC5BD5F598C}.Debug|x64.Build.0 = Debug|Any CPU
		{132EB44B-3902-4ECD-8E2E-2CC5BD5F598C}.Debug|x86.ActiveCfg = Debug|Any CPU
		{132EB44B-3902-4ECD-8E2E-2CC5BD5F598C}.Debug|x86.Build.0 = Debug|Any CPU
		{132EB44B-3902-4ECD-8E2E-2CC5BD5F598C}.Release|Any CPU.ActiveCfg = Release|Any CPU
		{132EB44B-3902-4ECD-8E2E-2CC5BD5F598C}.Release|Any CPU.Build.0 = Release|Any CPU
		{132EB44B-3902-4ECD-8E2E-2CC5BD5F598C}.Release|x64.ActiveCfg = Release|Any CPU
		{132EB44B-3902-4ECD-8E2E-2CC5BD5F598C}.Release|x64.Build.0 = Release|Any CPU
		{132EB44B-3902-4ECD-8E2E-2CC5BD5F598C}.Release|x86.ActiveCfg = Release|Any CPU
		{132EB44B-3902-4ECD-8E2E-2CC5BD5F598C}.Release|x86.Build.0 = Release|Any CPU
		{D4567081-5C5D-4A78-BC06-8E0AADBBEA44}.Debug|Any CPU.ActiveCfg = Debug|Any CPU
		{D4567081-5C5D-4A78-BC06-8E0AADBBEA44}.Debug|Any CPU.Build.0 = Debug|Any CPU
		{D4567081-5C5D-4A78-BC06-8E0AADBBEA44}.Debug|x64.ActiveCfg = Debug|Any CPU
		{D4567081-5C5D-4A78-BC06-8E0AADBBEA44}.Debug|x64.Build.0 = Debug|Any CPU
		{D4567081-5C5D-4A78-BC06-8E0AADBBEA44}.Debug|x86.ActiveCfg = Debug|Any CPU
		{D4567081-5C5D-4A78-BC06-8E0AADBBEA44}.Debug|x86.Build.0 = Debug|Any CPU
		{D4567081-5C5D-4A78-BC06-8E0AADBBEA44}.Release|Any CPU.ActiveCfg = Release|Any CPU
		{D4567081-5C5D-4A78-BC06-8E0AADBBEA44}.Release|Any CPU.Build.0 = Release|Any CPU
		{D4567081-5C5D-4A78-BC06-8E0AADBBEA44}.Release|x64.ActiveCfg = Release|Any CPU
		{D4567081-5C5D-4A78-BC06-8E0AADBBEA44}.Release|x64.Build.0 = Release|Any CPU
		{D4567081-5C5D-4A78-BC06-8E0AADBBEA44}.Release|x86.ActiveCfg = Release|Any CPU
		{D4567081-5C5D-4A78-BC06-8E0AADBBEA44}.Release|x86.Build.0 = Release|Any CPU
		{0A61625B-2B9C-4F4D-8577-35CBFE8D0A2A}.Debug|Any CPU.ActiveCfg = Debug|Any CPU
		{0A61625B-2B9C-4F4D-8577-35CBFE8D0A2A}.Debug|Any CPU.Build.0 = Debug|Any CPU
		{0A61625B-2B9C-4F4D-8577-35CBFE8D0A2A}.Debug|x64.ActiveCfg = Debug|Any CPU
		{0A61625B-2B9C-4F4D-8577-35CBFE8D0A2A}.Debug|x64.Build.0 = Debug|Any CPU
		{0A61625B-2B9C-4F4D-8577-35CBFE8D0A2A}.Debug|x86.ActiveCfg = Debug|Any CPU
		{0A61625B-2B9C-4F4D-8577-35CBFE8D0A2A}.Debug|x86.Build.0 = Debug|Any CPU
		{0A61625B-2B9C-4F4D-8577-35CBFE8D0A2A}.Release|Any CPU.ActiveCfg = Release|Any CPU
		{0A61625B-2B9C-4F4D-8577-35CBFE8D0A2A}.Release|Any CPU.Build.0 = Release|Any CPU
		{0A61625B-2B9C-4F4D-8577-35CBFE8D0A2A}.Release|x64.ActiveCfg = Release|Any CPU
		{0A61625B-2B9C-4F4D-8577-35CBFE8D0A2A}.Release|x64.Build.0 = Release|Any CPU
		{0A61625B-2B9C-4F4D-8577-35CBFE8D0A2A}.Release|x86.ActiveCfg = Release|Any CPU
		{0A61625B-2B9C-4F4D-8577-35CBFE8D0A2A}.Release|x86.Build.0 = Release|Any CPU
	EndGlobalSection
	GlobalSection(SolutionProperties) = preSolution
		HideSolutionNode = FALSE
	EndGlobalSection
	GlobalSection(NestedProjects) = preSolution
		{B7B11DA7-20EF-46D4-AB74-817DFAB9D9C6} = {2114115F-5ED4-43C2-8715-D8A71CF17C56}
		{A93263BA-4D68-43FE-887D-15ABE6716BE1} = {6C8B0AC0-30C2-4410-BA6A-59A059C4785F}
		{A2A78BE4-507C-445E-B8EA-6132420B167C} = {2114115F-5ED4-43C2-8715-D8A71CF17C56}
		{4FB27B4B-8851-4039-BAE3-81E0027E3545} = {2114115F-5ED4-43C2-8715-D8A71CF17C56}
		{6915AEB9-C9A3-41C1-ADAA-19BD3C6849D7} = {FBD2A38B-64A6-4ED5-934B-79D661C5A7D1}
		{132EB44B-3902-4ECD-8E2E-2CC5BD5F598C} = {FBD2A38B-64A6-4ED5-934B-79D661C5A7D1}
		{D4567081-5C5D-4A78-BC06-8E0AADBBEA44} = {FBD2A38B-64A6-4ED5-934B-79D661C5A7D1}
		{0A61625B-2B9C-4F4D-8577-35CBFE8D0A2A} = {6C8B0AC0-30C2-4410-BA6A-59A059C4785F}
	EndGlobalSection
	GlobalSection(ExtensibilityGlobals) = postSolution
		SolutionGuid = {A1F993F5-A3AD-4F93-956E-9F2F71DCD882}
	EndGlobalSection
EndGlobal
