
Microsoft Visual Studio Solution File, Format Version 12.00
# Visual Studio 15
VisualStudioVersion = 15.0.26124.0
MinimumVisualStudioVersion = 15.0.26124.0
Project("{FAE04EC0-301F-11D3-BF4B-00C04F79EFBC}") = "Console", "Console\Console.csproj", "{BC70D2A4-E4C1-4688-BF3C-0E045E047760}"
EndProject
Project("{FAE04EC0-301F-11D3-BF4B-00C04F79EFBC}") = "Library", "Library\Library.csproj", "{EC3646D4-9DF8-4322-BB11-E9DC5C5C0A71}"
EndProject
Project("{FAE04EC0-301F-11D3-BF4B-00C04F79EFBC}") = "MsTestTests", "MsTestTests\MsTestTests.csproj", "{7DEDB1FB-6C15-4C26-8749-1EDA499A9102}"
EndProject
Project("{FAE04EC0-301F-11D3-BF4B-00C04F79EFBC}") = "Mvc", "Mvc\Mvc.csproj", "{C6F8F53E-ADE7-439F-B90C-F3F146BC8BDB}"
EndProject
Project("{FAE04EC0-301F-11D3-BF4B-00C04F79EFBC}") = "NUnitTests", "NUnitTests\NUnitTests.csproj", "{B1214DC1-EB73-4D4B-8D53-67A3778849D4}"
EndProject
Project("{FAE04EC0-301F-11D3-BF4B-00C04F79EFBC}") = "WebApi", "WebApi\WebApi.csproj", "{01640F06-3B73-4E6C-B843-361C00787E2B}"
EndProject
Project("{FAE04EC0-301F-11D3-BF4B-00C04F79EFBC}") = "xUnitTests", "xUnitTests\xUnitTests.csproj", "{CF89A8A7-ADB0-4B9F-A22D-0EF1FDD4EB70}"
EndProject
Global
	GlobalSection(SolutionConfigurationPlatforms) = preSolution
		Debug|Any CPU = Debug|Any CPU
		Debug|x64 = Debug|x64
		Debug|x86 = Debug|x86
		Release|Any CPU = Release|Any CPU
		Release|x64 = Release|x64
		Release|x86 = Release|x86
	EndGlobalSection
	GlobalSection(SolutionProperties) = preSolution
		HideSolutionNode = FALSE
	EndGlobalSection
	GlobalSection(ProjectConfigurationPlatforms) = postSolution
		{BC70D2A4-E4C1-4688-BF3C-0E045E047760}.Debug|Any CPU.ActiveCfg = Debug|Any CPU
		{BC70D2A4-E4C1-4688-BF3C-0E045E047760}.Debug|Any CPU.Build.0 = Debug|Any CPU
		{BC70D2A4-E4C1-4688-BF3C-0E045E047760}.Debug|x64.ActiveCfg = Debug|Any CPU
		{BC70D2A4-E4C1-4688-BF3C-0E045E047760}.Debug|x64.Build.0 = Debug|Any CPU
		{BC70D2A4-E4C1-4688-BF3C-0E045E047760}.Debug|x86.ActiveCfg = Debug|Any CPU
		{BC70D2A4-E4C1-4688-BF3C-0E045E047760}.Debug|x86.Build.0 = Debug|Any CPU
		{BC70D2A4-E4C1-4688-BF3C-0E045E047760}.Release|Any CPU.ActiveCfg = Release|Any CPU
		{BC70D2A4-E4C1-4688-BF3C-0E045E047760}.Release|Any CPU.Build.0 = Release|Any CPU
		{BC70D2A4-E4C1-4688-BF3C-0E045E047760}.Release|x64.ActiveCfg = Release|Any CPU
		{BC70D2A4-E4C1-4688-BF3C-0E045E047760}.Release|x64.Build.0 = Release|Any CPU
		{BC70D2A4-E4C1-4688-BF3C-0E045E047760}.Release|x86.ActiveCfg = Release|Any CPU
		{BC70D2A4-E4C1-4688-BF3C-0E045E047760}.Release|x86.Build.0 = Release|Any CPU
		{EC3646D4-9DF8-4322-BB11-E9DC5C5C0A71}.Debug|Any CPU.ActiveCfg = Debug|Any CPU
		{EC3646D4-9DF8-4322-BB11-E9DC5C5C0A71}.Debug|Any CPU.Build.0 = Debug|Any CPU
		{EC3646D4-9DF8-4322-BB11-E9DC5C5C0A71}.Debug|x64.ActiveCfg = Debug|Any CPU
		{EC3646D4-9DF8-4322-BB11-E9DC5C5C0A71}.Debug|x64.Build.0 = Debug|Any CPU
		{EC3646D4-9DF8-4322-BB11-E9DC5C5C0A71}.Debug|x86.ActiveCfg = Debug|Any CPU
		{EC3646D4-9DF8-4322-BB11-E9DC5C5C0A71}.Debug|x86.Build.0 = Debug|Any CPU
		{EC3646D4-9DF8-4322-BB11-E9DC5C5C0A71}.Release|Any CPU.ActiveCfg = Release|Any CPU
		{EC3646D4-9DF8-4322-BB11-E9DC5C5C0A71}.Release|Any CPU.Build.0 = Release|Any CPU
		{EC3646D4-9DF8-4322-BB11-E9DC5C5C0A71}.Release|x64.ActiveCfg = Release|Any CPU
		{EC3646D4-9DF8-4322-BB11-E9DC5C5C0A71}.Release|x64.Build.0 = Release|Any CPU
		{EC3646D4-9DF8-4322-BB11-E9DC5C5C0A71}.Release|x86.ActiveCfg = Release|Any CPU
		{EC3646D4-9DF8-4322-BB11-E9DC5C5C0A71}.Release|x86.Build.0 = Release|Any CPU
		{7DEDB1FB-6C15-4C26-8749-1EDA499A9102}.Debug|Any CPU.ActiveCfg = Debug|Any CPU
		{7DEDB1FB-6C15-4C26-8749-1EDA499A9102}.Debug|Any CPU.Build.0 = Debug|Any CPU
		{7DEDB1FB-6C15-4C26-8749-1EDA499A9102}.Debug|x64.ActiveCfg = Debug|Any CPU
		{7DEDB1FB-6C15-4C26-8749-1EDA499A9102}.Debug|x64.Build.0 = Debug|Any CPU
		{7DEDB1FB-6C15-4C26-8749-1EDA499A9102}.Debug|x86.ActiveCfg = Debug|Any CPU
		{7DEDB1FB-6C15-4C26-8749-1EDA499A9102}.Debug|x86.Build.0 = Debug|Any CPU
		{7DEDB1FB-6C15-4C26-8749-1EDA499A9102}.Release|Any CPU.ActiveCfg = Release|Any CPU
		{7DEDB1FB-6C15-4C26-8749-1EDA499A9102}.Release|Any CPU.Build.0 = Release|Any CPU
		{7DEDB1FB-6C15-4C26-8749-1EDA499A9102}.Release|x64.ActiveCfg = Release|Any CPU
		{7DEDB1FB-6C15-4C26-8749-1EDA499A9102}.Release|x64.Build.0 = Release|Any CPU
		{7DEDB1FB-6C15-4C26-8749-1EDA499A9102}.Release|x86.ActiveCfg = Release|Any CPU
		{7DEDB1FB-6C15-4C26-8749-1EDA499A9102}.Release|x86.Build.0 = Release|Any CPU
		{C6F8F53E-ADE7-439F-B90C-F3F146BC8BDB}.Debug|Any CPU.ActiveCfg = Debug|Any CPU
		{C6F8F53E-ADE7-439F-B90C-F3F146BC8BDB}.Debug|Any CPU.Build.0 = Debug|Any CPU
		{C6F8F53E-ADE7-439F-B90C-F3F146BC8BDB}.Debug|x64.ActiveCfg = Debug|Any CPU
		{C6F8F53E-ADE7-439F-B90C-F3F146BC8BDB}.Debug|x64.Build.0 = Debug|Any CPU
		{C6F8F53E-ADE7-439F-B90C-F3F146BC8BDB}.Debug|x86.ActiveCfg = Debug|Any CPU
		{C6F8F53E-ADE7-439F-B90C-F3F146BC8BDB}.Debug|x86.Build.0 = Debug|Any CPU
		{C6F8F53E-ADE7-439F-B90C-F3F146BC8BDB}.Release|Any CPU.ActiveCfg = Release|Any CPU
		{C6F8F53E-ADE7-439F-B90C-F3F146BC8BDB}.Release|Any CPU.Build.0 = Release|Any CPU
		{C6F8F53E-ADE7-439F-B90C-F3F146BC8BDB}.Release|x64.ActiveCfg = Release|Any CPU
		{C6F8F53E-ADE7-439F-B90C-F3F146BC8BDB}.Release|x64.Build.0 = Release|Any CPU
		{C6F8F53E-ADE7-439F-B90C-F3F146BC8BDB}.Release|x86.ActiveCfg = Release|Any CPU
		{C6F8F53E-ADE7-439F-B90C-F3F146BC8BDB}.Release|x86.Build.0 = Release|Any CPU
		{B1214DC1-EB73-4D4B-8D53-67A3778849D4}.Debug|Any CPU.ActiveCfg = Debug|Any CPU
		{B1214DC1-EB73-4D4B-8D53-67A3778849D4}.Debug|Any CPU.Build.0 = Debug|Any CPU
		{B1214DC1-EB73-4D4B-8D53-67A3778849D4}.Debug|x64.ActiveCfg = Debug|Any CPU
		{B1214DC1-EB73-4D4B-8D53-67A3778849D4}.Debug|x64.Build.0 = Debug|Any CPU
		{B1214DC1-EB73-4D4B-8D53-67A3778849D4}.Debug|x86.ActiveCfg = Debug|Any CPU
		{B1214DC1-EB73-4D4B-8D53-67A3778849D4}.Debug|x86.Build.0 = Debug|Any CPU
		{B1214DC1-EB73-4D4B-8D53-67A3778849D4}.Release|Any CPU.ActiveCfg = Release|Any CPU
		{B1214DC1-EB73-4D4B-8D53-67A3778849D4}.Release|Any CPU.Build.0 = Release|Any CPU
		{B1214DC1-EB73-4D4B-8D53-67A3778849D4}.Release|x64.ActiveCfg = Release|Any CPU
		{B1214DC1-EB73-4D4B-8D53-67A3778849D4}.Release|x64.Build.0 = Release|Any CPU
		{B1214DC1-EB73-4D4B-8D53-67A3778849D4}.Release|x86.ActiveCfg = Release|Any CPU
		{B1214DC1-EB73-4D4B-8D53-67A3778849D4}.Release|x86.Build.0 = Release|Any CPU
		{01640F06-3B73-4E6C-B843-361C00787E2B}.Debug|Any CPU.ActiveCfg = Debug|Any CPU
		{01640F06-3B73-4E6C-B843-361C00787E2B}.Debug|Any CPU.Build.0 = Debug|Any CPU
		{01640F06-3B73-4E6C-B843-361C00787E2B}.Debug|x64.ActiveCfg = Debug|Any CPU
		{01640F06-3B73-4E6C-B843-361C00787E2B}.Debug|x64.Build.0 = Debug|Any CPU
		{01640F06-3B73-4E6C-B843-361C00787E2B}.Debug|x86.ActiveCfg = Debug|Any CPU
		{01640F06-3B73-4E6C-B843-361C00787E2B}.Debug|x86.Build.0 = Debug|Any CPU
		{01640F06-3B73-4E6C-B843-361C00787E2B}.Release|Any CPU.ActiveCfg = Release|Any CPU
		{01640F06-3B73-4E6C-B843-361C00787E2B}.Release|Any CPU.Build.0 = Release|Any CPU
		{01640F06-3B73-4E6C-B843-361C00787E2B}.Release|x64.ActiveCfg = Release|Any CPU
		{01640F06-3B73-4E6C-B843-361C00787E2B}.Release|x64.Build.0 = Release|Any CPU
		{01640F06-3B73-4E6C-B843-361C00787E2B}.Release|x86.ActiveCfg = Release|Any CPU
		{01640F06-3B73-4E6C-B843-361C00787E2B}.Release|x86.Build.0 = Release|Any CPU
		{CF89A8A7-ADB0-4B9F-A22D-0EF1FDD4EB70}.Debug|Any CPU.ActiveCfg = Debug|Any CPU
		{CF89A8A7-ADB0-4B9F-A22D-0EF1FDD4EB70}.Debug|Any CPU.Build.0 = Debug|Any CPU
		{CF89A8A7-ADB0-4B9F-A22D-0EF1FDD4EB70}.Debug|x64.ActiveCfg = Debug|Any CPU
		{CF89A8A7-ADB0-4B9F-A22D-0EF1FDD4EB70}.Debug|x64.Build.0 = Debug|Any CPU
		{CF89A8A7-ADB0-4B9F-A22D-0EF1FDD4EB70}.Debug|x86.ActiveCfg = Debug|Any CPU
		{CF89A8A7-ADB0-4B9F-A22D-0EF1FDD4EB70}.Debug|x86.Build.0 = Debug|Any CPU
		{CF89A8A7-ADB0-4B9F-A22D-0EF1FDD4EB70}.Release|Any CPU.ActiveCfg = Release|Any CPU
		{CF89A8A7-ADB0-4B9F-A22D-0EF1FDD4EB70}.Release|Any CPU.Build.0 = Release|Any CPU
		{CF89A8A7-ADB0-4B9F-A22D-0EF1FDD4EB70}.Release|x64.ActiveCfg = Release|Any CPU
		{CF89A8A7-ADB0-4B9F-A22D-0EF1FDD4EB70}.Release|x64.Build.0 = Release|Any CPU
		{CF89A8A7-ADB0-4B9F-A22D-0EF1FDD4EB70}.Release|x86.ActiveCfg = Release|Any CPU
		{CF89A8A7-ADB0-4B9F-A22D-0EF1FDD4EB70}.Release|x86.Build.0 = Release|Any CPU
	EndGlobalSection
EndGlobal
